{
  "name": "@backlight-dev/arch-cheer-mzwiu.blank-lguq8k05",
  "version": "0.0.0",
  "lockfileVersion": 2,
  "requires": true,
  "packages": {
    "": {
      "name": "@backlight-dev/arch-cheer-mzwiu.blank-lguq8k05",
      "version": "0.0.0",
      "license": "MIT",
      "devDependencies": {}
    }
  }
}
